
Microsoft Visual Studio Solution File, Format Version 12.00
# Visual Studio Version 17
VisualStudioVersion = 17.0.31903.59
MinimumVisualStudioVersion = 10.0.40219.1
Project("{2150E333-8FDC-42A3-9474-1A3956D46DE8}") = "UserService", "UserService", "{C0127DB6-3CA8-EE98-7726-A4993E48C5D4}"
EndProject
Project("{2150E333-8FDC-42A3-9474-1A3956D46DE8}") = "src", "src", "{DDC2FC8E-3CB4-FABF-DBC9-050D9D5721E2}"
EndProject
Project("{FAE04EC0-301F-11D3-BF4B-00C04F79EFBC}") = "UserService.Api", "UserService\src\UserService.Api\UserService.Api.csproj", "{EE918D4B-D152-45CE-A81F-0B02CDE5D045}"
EndProject
Project("{2150E333-8FDC-42A3-9474-1A3956D46DE8}") = "FileService", "FileService", "{58CD2AE7-55A0-A62A-B483-3AE10EDAF21D}"
EndProject
Project("{2150E333-8FDC-42A3-9474-1A3956D46DE8}") = "src", "src", "{130E31C5-12C1-9B59-0344-6B0501FCA984}"
EndProject
Project("{FAE04EC0-301F-11D3-BF4B-00C04F79EFBC}") = "FileService.Api", "FileService\src\FileService.Api\FileService.Api.csproj", "{BF4CE013-C0E5-40AF-A941-FCAA491122B3}"
EndProject
Project("{FAE04EC0-301F-11D3-BF4B-00C04F79EFBC}") = "UserService.Domain", "UserService\src\UserService.Domain\UserService.Domain.csproj", "{5446AC61-F683-4D6C-9A69-3F0F9506E0D8}"
EndProject
Project("{FAE04EC0-301F-11D3-BF4B-00C04F79EFBC}") = "UserService.Application", "UserService\src\UserService.Application\UserService.Application.csproj", "{7446B7C5-C3B9-4351-823A-6DAA6D8737AA}"
EndProject
Project("{FAE04EC0-301F-11D3-BF4B-00C04F79EFBC}") = "UserService.Infrastructure", "UserService\src\UserService.Infrastructure\UserService.Infrastructure.csproj", "{415F652C-4B39-4695-922A-210D1ADBE655}"
EndProject
Project("{FAE04EC0-301F-11D3-BF4B-00C04F79EFBC}") = "UserService.Presentation", "UserService\src\UserService.Presentation\UserService.Presentation.csproj", "{F23F045E-88BA-4C1F-B529-08BCD6865DF0}"
EndProject
Global
	GlobalSection(SolutionConfigurationPlatforms) = preSolution
		Debug|Any CPU = Debug|Any CPU
		Debug|x64 = Debug|x64
		Debug|x86 = Debug|x86
		Release|Any CPU = Release|Any CPU
		Release|x64 = Release|x64
		Release|x86 = Release|x86
	EndGlobalSection
	GlobalSection(ProjectConfigurationPlatforms) = postSolution
		{EE918D4B-D152-45CE-A81F-0B02CDE5D045}.Debug|Any CPU.ActiveCfg = Debug|Any CPU
		{EE918D4B-D152-45CE-A81F-0B02CDE5D045}.Debug|Any CPU.Build.0 = Debug|Any CPU
		{EE918D4B-D152-45CE-A81F-0B02CDE5D045}.Debug|x64.ActiveCfg = Debug|Any CPU
		{EE918D4B-D152-45CE-A81F-0B02CDE5D045}.Debug|x64.Build.0 = Debug|Any CPU
		{EE918D4B-D152-45CE-A81F-0B02CDE5D045}.Debug|x86.ActiveCfg = Debug|Any CPU
		{EE918D4B-D152-45CE-A81F-0B02CDE5D045}.Debug|x86.Build.0 = Debug|Any CPU
		{EE918D4B-D152-45CE-A81F-0B02CDE5D045}.Release|Any CPU.ActiveCfg = Release|Any CPU
		{EE918D4B-D152-45CE-A81F-0B02CDE5D045}.Release|Any CPU.Build.0 = Release|Any CPU
		{EE918D4B-D152-45CE-A81F-0B02CDE5D045}.Release|x64.ActiveCfg = Release|Any CPU
		{EE918D4B-D152-45CE-A81F-0B02CDE5D045}.Release|x64.Build.0 = Release|Any CPU
		{EE918D4B-D152-45CE-A81F-0B02CDE5D045}.Release|x86.ActiveCfg = Release|Any CPU
		{EE918D4B-D152-45CE-A81F-0B02CDE5D045}.Release|x86.Build.0 = Release|Any CPU
		{BF4CE013-C0E5-40AF-A941-FCAA491122B3}.Debug|Any CPU.ActiveCfg = Debug|Any CPU
		{BF4CE013-C0E5-40AF-A941-FCAA491122B3}.Debug|Any CPU.Build.0 = Debug|Any CPU
		{BF4CE013-C0E5-40AF-A941-FCAA491122B3}.Debug|x64.ActiveCfg = Debug|Any CPU
		{BF4CE013-C0E5-40AF-A941-FCAA491122B3}.Debug|x64.Build.0 = Debug|Any CPU
		{BF4CE013-C0E5-40AF-A941-FCAA491122B3}.Debug|x86.ActiveCfg = Debug|Any CPU
		{BF4CE013-C0E5-40AF-A941-FCAA491122B3}.Debug|x86.Build.0 = Debug|Any CPU
		{BF4CE013-C0E5-40AF-A941-FCAA491122B3}.Release|Any CPU.ActiveCfg = Release|Any CPU
		{BF4CE013-C0E5-40AF-A941-FCAA491122B3}.Release|Any CPU.Build.0 = Release|Any CPU
		{BF4CE013-C0E5-40AF-A941-FCAA491122B3}.Release|x64.ActiveCfg = Release|Any CPU
		{BF4CE013-C0E5-40AF-A941-FCAA491122B3}.Release|x64.Build.0 = Release|Any CPU
		{BF4CE013-C0E5-40AF-A941-FCAA491122B3}.Release|x86.ActiveCfg = Release|Any CPU
		{BF4CE013-C0E5-40AF-A941-FCAA491122B3}.Release|x86.Build.0 = Release|Any CPU
		{5446AC61-F683-4D6C-9A69-3F0F9506E0D8}.Debug|Any CPU.ActiveCfg = Debug|Any CPU
		{5446AC61-F683-4D6C-9A69-3F0F9506E0D8}.Debug|Any CPU.Build.0 = Debug|Any CPU
		{5446AC61-F683-4D6C-9A69-3F0F9506E0D8}.Debug|x64.ActiveCfg = Debug|Any CPU
		{5446AC61-F683-4D6C-9A69-3F0F9506E0D8}.Debug|x64.Build.0 = Debug|Any CPU
		{5446AC61-F683-4D6C-9A69-3F0F9506E0D8}.Debug|x86.ActiveCfg = Debug|Any CPU
		{5446AC61-F683-4D6C-9A69-3F0F9506E0D8}.Debug|x86.Build.0 = Debug|Any CPU
		{5446AC61-F683-4D6C-9A69-3F0F9506E0D8}.Release|Any CPU.ActiveCfg = Release|Any CPU
		{5446AC61-F683-4D6C-9A69-3F0F9506E0D8}.Release|Any CPU.Build.0 = Release|Any CPU
		{5446AC61-F683-4D6C-9A69-3F0F9506E0D8}.Release|x64.ActiveCfg = Release|Any CPU
		{5446AC61-F683-4D6C-9A69-3F0F9506E0D8}.Release|x64.Build.0 = Release|Any CPU
		{5446AC61-F683-4D6C-9A69-3F0F9506E0D8}.Release|x86.ActiveCfg = Release|Any CPU
		{5446AC61-F683-4D6C-9A69-3F0F9506E0D8}.Release|x86.Build.0 = Release|Any CPU
		{7446B7C5-C3B9-4351-823A-6DAA6D8737AA}.Debug|Any CPU.ActiveCfg = Debug|Any CPU
		{7446B7C5-C3B9-4351-823A-6DAA6D8737AA}.Debug|Any CPU.Build.0 = Debug|Any CPU
		{7446B7C5-C3B9-4351-823A-6DAA6D8737AA}.Debug|x64.ActiveCfg = Debug|Any CPU
		{7446B7C5-C3B9-4351-823A-6DAA6D8737AA}.Debug|x64.Build.0 = Debug|Any CPU
		{7446B7C5-C3B9-4351-823A-6DAA6D8737AA}.Debug|x86.ActiveCfg = Debug|Any CPU
		{7446B7C5-C3B9-4351-823A-6DAA6D8737AA}.Debug|x86.Build.0 = Debug|Any CPU
		{7446B7C5-C3B9-4351-823A-6DAA6D8737AA}.Release|Any CPU.ActiveCfg = Release|Any CPU
		{7446B7C5-C3B9-4351-823A-6DAA6D8737AA}.Release|Any CPU.Build.0 = Release|Any CPU
		{7446B7C5-C3B9-4351-823A-6DAA6D8737AA}.Release|x64.ActiveCfg = Release|Any CPU
		{7446B7C5-C3B9-4351-823A-6DAA6D8737AA}.Release|x64.Build.0 = Release|Any CPU
		{7446B7C5-C3B9-4351-823A-6DAA6D8737AA}.Release|x86.ActiveCfg = Release|Any CPU
		{7446B7C5-C3B9-4351-823A-6DAA6D8737AA}.Release|x86.Build.0 = Release|Any CPU
		{415F652C-4B39-4695-922A-210D1ADBE655}.Debug|Any CPU.ActiveCfg = Debug|Any CPU
		{415F652C-4B39-4695-922A-210D1ADBE655}.Debug|Any CPU.Build.0 = Debug|Any CPU
		{415F652C-4B39-4695-922A-210D1ADBE655}.Debug|x64.ActiveCfg = Debug|Any CPU
		{415F652C-4B39-4695-922A-210D1ADBE655}.Debug|x64.Build.0 = Debug|Any CPU
		{415F652C-4B39-4695-922A-210D1ADBE655}.Debug|x86.ActiveCfg = Debug|Any CPU
		{415F652C-4B39-4695-922A-210D1ADBE655}.Debug|x86.Build.0 = Debug|Any CPU
		{415F652C-4B39-4695-922A-210D1ADBE655}.Release|Any CPU.ActiveCfg = Release|Any CPU
		{415F652C-4B39-4695-922A-210D1ADBE655}.Release|Any CPU.Build.0 = Release|Any CPU
		{415F652C-4B39-4695-922A-210D1ADBE655}.Release|x64.ActiveCfg = Release|Any CPU
		{415F652C-4B39-4695-922A-210D1ADBE655}.Release|x64.Build.0 = Release|Any CPU
		{415F652C-4B39-4695-922A-210D1ADBE655}.Release|x86.ActiveCfg = Release|Any CPU
		{415F652C-4B39-4695-922A-210D1ADBE655}.Release|x86.Build.0 = Release|Any CPU
		{F23F045E-88BA-4C1F-B529-08BCD6865DF0}.Debug|Any CPU.ActiveCfg = Debug|Any CPU
		{F23F045E-88BA-4C1F-B529-08BCD6865DF0}.Debug|Any CPU.Build.0 = Debug|Any CPU
		{F23F045E-88BA-4C1F-B529-08BCD6865DF0}.Debug|x64.ActiveCfg = Debug|Any CPU
		{F23F045E-88BA-4C1F-B529-08BCD6865DF0}.Debug|x64.Build.0 = Debug|Any CPU
		{F23F045E-88BA-4C1F-B529-08BCD6865DF0}.Debug|x86.ActiveCfg = Debug|Any CPU
		{F23F045E-88BA-4C1F-B529-08BCD6865DF0}.Debug|x86.Build.0 = Debug|Any CPU
		{F23F045E-88BA-4C1F-B529-08BCD6865DF0}.Release|Any CPU.ActiveCfg = Release|Any CPU
		{F23F045E-88BA-4C1F-B529-08BCD6865DF0}.Release|Any CPU.Build.0 = Release|Any CPU
		{F23F045E-88BA-4C1F-B529-08BCD6865DF0}.Release|x64.ActiveCfg = Release|Any CPU
		{F23F045E-88BA-4C1F-B529-08BCD6865DF0}.Release|x64.Build.0 = Release|Any CPU
		{F23F045E-88BA-4C1F-B529-08BCD6865DF0}.Release|x86.ActiveCfg = Release|Any CPU
		{F23F045E-88BA-4C1F-B529-08BCD6865DF0}.Release|x86.Build.0 = Release|Any CPU
	EndGlobalSection
	GlobalSection(SolutionProperties) = preSolution
		HideSolutionNode = FALSE
	EndGlobalSection
	GlobalSection(NestedProjects) = preSolution
		{DDC2FC8E-3CB4-FABF-DBC9-050D9D5721E2} = {C0127DB6-3CA8-EE98-7726-A4993E48C5D4}
		{EE918D4B-D152-45CE-A81F-0B02CDE5D045} = {DDC2FC8E-3CB4-FABF-DBC9-050D9D5721E2}
		{130E31C5-12C1-9B59-0344-6B0501FCA984} = {58CD2AE7-55A0-A62A-B483-3AE10EDAF21D}
		{BF4CE013-C0E5-40AF-A941-FCAA491122B3} = {130E31C5-12C1-9B59-0344-6B0501FCA984}
		{5446AC61-F683-4D6C-9A69-3F0F9506E0D8} = {DDC2FC8E-3CB4-FABF-DBC9-050D9D5721E2}
		{7446B7C5-C3B9-4351-823A-6DAA6D8737AA} = {DDC2FC8E-3CB4-FABF-DBC9-050D9D5721E2}
		{415F652C-4B39-4695-922A-210D1ADBE655} = {DDC2FC8E-3CB4-FABF-DBC9-050D9D5721E2}
		{F23F045E-88BA-4C1F-B529-08BCD6865DF0} = {DDC2FC8E-3CB4-FABF-DBC9-050D9D5721E2}
	EndGlobalSection
EndGlobal
