
Microsoft Visual Studio Solution File, Format Version 12.00
# Visual Studio Version 17
VisualStudioVersion = 17.0.31903.59
MinimumVisualStudioVersion = 10.0.40219.1
Project("{2150E333-8FDC-42A3-9474-1A3956D46DE8}") = "FileService", "FileService", "{58CD2AE7-55A0-A62A-B483-3AE10EDAF21D}"
EndProject
Project("{2150E333-8FDC-42A3-9474-1A3956D46DE8}") = "src", "src", "{130E31C5-12C1-9B59-0344-6B0501FCA984}"
EndProject
Project("{FAE04EC0-301F-11D3-BF4B-00C04F79EFBC}") = "FileService.Api", "FileService\src\FileService.Api\FileService.Api.csproj", "{E053B918-50DA-49B3-A2F7-DFFF2D1D006D}"
EndProject
Project("{2150E333-8FDC-42A3-9474-1A3956D46DE8}") = "UserService", "UserService", "{C0127DB6-3CA8-EE98-7726-A4993E48C5D4}"
EndProject
Project("{2150E333-8FDC-42A3-9474-1A3956D46DE8}") = "src", "src", "{DDC2FC8E-3CB4-FABF-DBC9-050D9D5721E2}"
EndProject
Project("{FAE04EC0-301F-11D3-BF4B-00C04F79EFBC}") = "UserService.Api", "UserService\src\UserService.Api\UserService.Api.csproj", "{E3ED027E-CE2E-4EBE-9DAA-7F649709B10A}"
EndProject
Project("{2150E333-8FDC-42A3-9474-1A3956D46DE8}") = "NotificationService", "NotificationService", "{0BAE62A9-2200-0262-2CB5-8EE825167370}"
EndProject
Project("{2150E333-8FDC-42A3-9474-1A3956D46DE8}") = "src", "src", "{30993AEE-98A1-529F-B564-95C3EB406259}"
EndProject
Project("{FAE04EC0-301F-11D3-BF4B-00C04F79EFBC}") = "NotificationService.Api", "NotificationService\src\NotificationService.Api\NotificationService.Api.csproj", "{4C093125-9268-48C4-BB79-8E808D4F52D6}"
EndProject
Project("{FAE04EC0-301F-11D3-BF4B-00C04F79EFBC}") = "FileService.Application", "FileService\src\FileService.Application\FileService.Application.csproj", "{3DF97506-AC79-4831-9CA1-C3201BB16D23}"
EndProject
Project("{FAE04EC0-301F-11D3-BF4B-00C04F79EFBC}") = "FileService.Domain", "FileService\src\FileService.Domain\FileService.Domain.csproj", "{99F68E23-FBBC-4A0D-9E43-6B3FBC119601}"
EndProject
Project("{FAE04EC0-301F-11D3-BF4B-00C04F79EFBC}") = "FileService.Infrastructure", "FileService\src\FileService.Infrastructure\FileService.Infrastructure.csproj", "{72511627-85DD-4136-81BC-9BDBDF7AAA88}"
EndProject
Project("{FAE04EC0-301F-11D3-BF4B-00C04F79EFBC}") = "FileService.Presentation", "FileService\src\FileService.Presentation\FileService.Presentation.csproj", "{6CA14E28-CAE9-49CB-87A0-CF50246F2772}"
EndProject
Global
	GlobalSection(SolutionConfigurationPlatforms) = preSolution
		Debug|Any CPU = Debug|Any CPU
		Debug|x64 = Debug|x64
		Debug|x86 = Debug|x86
		Release|Any CPU = Release|Any CPU
		Release|x64 = Release|x64
		Release|x86 = Release|x86
	EndGlobalSection
	GlobalSection(ProjectConfigurationPlatforms) = postSolution
		{E053B918-50DA-49B3-A2F7-DFFF2D1D006D}.Debug|Any CPU.ActiveCfg = Debug|Any CPU
		{E053B918-50DA-49B3-A2F7-DFFF2D1D006D}.Debug|Any CPU.Build.0 = Debug|Any CPU
		{E053B918-50DA-49B3-A2F7-DFFF2D1D006D}.Debug|x64.ActiveCfg = Debug|Any CPU
		{E053B918-50DA-49B3-A2F7-DFFF2D1D006D}.Debug|x64.Build.0 = Debug|Any CPU
		{E053B918-50DA-49B3-A2F7-DFFF2D1D006D}.Debug|x86.ActiveCfg = Debug|Any CPU
		{E053B918-50DA-49B3-A2F7-DFFF2D1D006D}.Debug|x86.Build.0 = Debug|Any CPU
		{E053B918-50DA-49B3-A2F7-DFFF2D1D006D}.Release|Any CPU.ActiveCfg = Release|Any CPU
		{E053B918-50DA-49B3-A2F7-DFFF2D1D006D}.Release|Any CPU.Build.0 = Release|Any CPU
		{E053B918-50DA-49B3-A2F7-DFFF2D1D006D}.Release|x64.ActiveCfg = Release|Any CPU
		{E053B918-50DA-49B3-A2F7-DFFF2D1D006D}.Release|x64.Build.0 = Release|Any CPU
		{E053B918-50DA-49B3-A2F7-DFFF2D1D006D}.Release|x86.ActiveCfg = Release|Any CPU
		{E053B918-50DA-49B3-A2F7-DFFF2D1D006D}.Release|x86.Build.0 = Release|Any CPU
		{E3ED027E-CE2E-4EBE-9DAA-7F649709B10A}.Debug|Any CPU.ActiveCfg = Debug|Any CPU
		{E3ED027E-CE2E-4EBE-9DAA-7F649709B10A}.Debug|Any CPU.Build.0 = Debug|Any CPU
		{E3ED027E-CE2E-4EBE-9DAA-7F649709B10A}.Debug|x64.ActiveCfg = Debug|Any CPU
		{E3ED027E-CE2E-4EBE-9DAA-7F649709B10A}.Debug|x64.Build.0 = Debug|Any CPU
		{E3ED027E-CE2E-4EBE-9DAA-7F649709B10A}.Debug|x86.ActiveCfg = Debug|Any CPU
		{E3ED027E-CE2E-4EBE-9DAA-7F649709B10A}.Debug|x86.Build.0 = Debug|Any CPU
		{E3ED027E-CE2E-4EBE-9DAA-7F649709B10A}.Release|Any CPU.ActiveCfg = Release|Any CPU
		{E3ED027E-CE2E-4EBE-9DAA-7F649709B10A}.Release|Any CPU.Build.0 = Release|Any CPU
		{E3ED027E-CE2E-4EBE-9DAA-7F649709B10A}.Release|x64.ActiveCfg = Release|Any CPU
		{E3ED027E-CE2E-4EBE-9DAA-7F649709B10A}.Release|x64.Build.0 = Release|Any CPU
		{E3ED027E-CE2E-4EBE-9DAA-7F649709B10A}.Release|x86.ActiveCfg = Release|Any CPU
		{E3ED027E-CE2E-4EBE-9DAA-7F649709B10A}.Release|x86.Build.0 = Release|Any CPU
		{4C093125-9268-48C4-BB79-8E808D4F52D6}.Debug|Any CPU.ActiveCfg = Debug|Any CPU
		{4C093125-9268-48C4-BB79-8E808D4F52D6}.Debug|Any CPU.Build.0 = Debug|Any CPU
		{4C093125-9268-48C4-BB79-8E808D4F52D6}.Debug|x64.ActiveCfg = Debug|Any CPU
		{4C093125-9268-48C4-BB79-8E808D4F52D6}.Debug|x64.Build.0 = Debug|Any CPU
		{4C093125-9268-48C4-BB79-8E808D4F52D6}.Debug|x86.ActiveCfg = Debug|Any CPU
		{4C093125-9268-48C4-BB79-8E808D4F52D6}.Debug|x86.Build.0 = Debug|Any CPU
		{4C093125-9268-48C4-BB79-8E808D4F52D6}.Release|Any CPU.ActiveCfg = Release|Any CPU
		{4C093125-9268-48C4-BB79-8E808D4F52D6}.Release|Any CPU.Build.0 = Release|Any CPU
		{4C093125-9268-48C4-BB79-8E808D4F52D6}.Release|x64.ActiveCfg = Release|Any CPU
		{4C093125-9268-48C4-BB79-8E808D4F52D6}.Release|x64.Build.0 = Release|Any CPU
		{4C093125-9268-48C4-BB79-8E808D4F52D6}.Release|x86.ActiveCfg = Release|Any CPU
		{4C093125-9268-48C4-BB79-8E808D4F52D6}.Release|x86.Build.0 = Release|Any CPU
		{3DF97506-AC79-4831-9CA1-C3201BB16D23}.Debug|Any CPU.ActiveCfg = Debug|Any CPU
		{3DF97506-AC79-4831-9CA1-C3201BB16D23}.Debug|Any CPU.Build.0 = Debug|Any CPU
		{3DF97506-AC79-4831-9CA1-C3201BB16D23}.Debug|x64.ActiveCfg = Debug|Any CPU
		{3DF97506-AC79-4831-9CA1-C3201BB16D23}.Debug|x64.Build.0 = Debug|Any CPU
		{3DF97506-AC79-4831-9CA1-C3201BB16D23}.Debug|x86.ActiveCfg = Debug|Any CPU
		{3DF97506-AC79-4831-9CA1-C3201BB16D23}.Debug|x86.Build.0 = Debug|Any CPU
		{3DF97506-AC79-4831-9CA1-C3201BB16D23}.Release|Any CPU.ActiveCfg = Release|Any CPU
		{3DF97506-AC79-4831-9CA1-C3201BB16D23}.Release|Any CPU.Build.0 = Release|Any CPU
		{3DF97506-AC79-4831-9CA1-C3201BB16D23}.Release|x64.ActiveCfg = Release|Any CPU
		{3DF97506-AC79-4831-9CA1-C3201BB16D23}.Release|x64.Build.0 = Release|Any CPU
		{3DF97506-AC79-4831-9CA1-C3201BB16D23}.Release|x86.ActiveCfg = Release|Any CPU
		{3DF97506-AC79-4831-9CA1-C3201BB16D23}.Release|x86.Build.0 = Release|Any CPU
		{99F68E23-FBBC-4A0D-9E43-6B3FBC119601}.Debug|Any CPU.ActiveCfg = Debug|Any CPU
		{99F68E23-FBBC-4A0D-9E43-6B3FBC119601}.Debug|Any CPU.Build.0 = Debug|Any CPU
		{99F68E23-FBBC-4A0D-9E43-6B3FBC119601}.Debug|x64.ActiveCfg = Debug|Any CPU
		{99F68E23-FBBC-4A0D-9E43-6B3FBC119601}.Debug|x64.Build.0 = Debug|Any CPU
		{99F68E23-FBBC-4A0D-9E43-6B3FBC119601}.Debug|x86.ActiveCfg = Debug|Any CPU
		{99F68E23-FBBC-4A0D-9E43-6B3FBC119601}.Debug|x86.Build.0 = Debug|Any CPU
		{99F68E23-FBBC-4A0D-9E43-6B3FBC119601}.Release|Any CPU.ActiveCfg = Release|Any CPU
		{99F68E23-FBBC-4A0D-9E43-6B3FBC119601}.Release|Any CPU.Build.0 = Release|Any CPU
		{99F68E23-FBBC-4A0D-9E43-6B3FBC119601}.Release|x64.ActiveCfg = Release|Any CPU
		{99F68E23-FBBC-4A0D-9E43-6B3FBC119601}.Release|x64.Build.0 = Release|Any CPU
		{99F68E23-FBBC-4A0D-9E43-6B3FBC119601}.Release|x86.ActiveCfg = Release|Any CPU
		{99F68E23-FBBC-4A0D-9E43-6B3FBC119601}.Release|x86.Build.0 = Release|Any CPU
		{72511627-85DD-4136-81BC-9BDBDF7AAA88}.Debug|Any CPU.ActiveCfg = Debug|Any CPU
		{72511627-85DD-4136-81BC-9BDBDF7AAA88}.Debug|Any CPU.Build.0 = Debug|Any CPU
		{72511627-85DD-4136-81BC-9BDBDF7AAA88}.Debug|x64.ActiveCfg = Debug|Any CPU
		{72511627-85DD-4136-81BC-9BDBDF7AAA88}.Debug|x64.Build.0 = Debug|Any CPU
		{72511627-85DD-4136-81BC-9BDBDF7AAA88}.Debug|x86.ActiveCfg = Debug|Any CPU
		{72511627-85DD-4136-81BC-9BDBDF7AAA88}.Debug|x86.Build.0 = Debug|Any CPU
		{72511627-85DD-4136-81BC-9BDBDF7AAA88}.Release|Any CPU.ActiveCfg = Release|Any CPU
		{72511627-85DD-4136-81BC-9BDBDF7AAA88}.Release|Any CPU.Build.0 = Release|Any CPU
		{72511627-85DD-4136-81BC-9BDBDF7AAA88}.Release|x64.ActiveCfg = Release|Any CPU
		{72511627-85DD-4136-81BC-9BDBDF7AAA88}.Release|x64.Build.0 = Release|Any CPU
		{72511627-85DD-4136-81BC-9BDBDF7AAA88}.Release|x86.ActiveCfg = Release|Any CPU
		{72511627-85DD-4136-81BC-9BDBDF7AAA88}.Release|x86.Build.0 = Release|Any CPU
		{6CA14E28-CAE9-49CB-87A0-CF50246F2772}.Debug|Any CPU.ActiveCfg = Debug|Any CPU
		{6CA14E28-CAE9-49CB-87A0-CF50246F2772}.Debug|Any CPU.Build.0 = Debug|Any CPU
		{6CA14E28-CAE9-49CB-87A0-CF50246F2772}.Debug|x64.ActiveCfg = Debug|Any CPU
		{6CA14E28-CAE9-49CB-87A0-CF50246F2772}.Debug|x64.Build.0 = Debug|Any CPU
		{6CA14E28-CAE9-49CB-87A0-CF50246F2772}.Debug|x86.ActiveCfg = Debug|Any CPU
		{6CA14E28-CAE9-49CB-87A0-CF50246F2772}.Debug|x86.Build.0 = Debug|Any CPU
		{6CA14E28-CAE9-49CB-87A0-CF50246F2772}.Release|Any CPU.ActiveCfg = Release|Any CPU
		{6CA14E28-CAE9-49CB-87A0-CF50246F2772}.Release|Any CPU.Build.0 = Release|Any CPU
		{6CA14E28-CAE9-49CB-87A0-CF50246F2772}.Release|x64.ActiveCfg = Release|Any CPU
		{6CA14E28-CAE9-49CB-87A0-CF50246F2772}.Release|x64.Build.0 = Release|Any CPU
		{6CA14E28-CAE9-49CB-87A0-CF50246F2772}.Release|x86.ActiveCfg = Release|Any CPU
		{6CA14E28-CAE9-49CB-87A0-CF50246F2772}.Release|x86.Build.0 = Release|Any CPU
	EndGlobalSection
	GlobalSection(SolutionProperties) = preSolution
		HideSolutionNode = FALSE
	EndGlobalSection
	GlobalSection(NestedProjects) = preSolution
		{130E31C5-12C1-9B59-0344-6B0501FCA984} = {58CD2AE7-55A0-A62A-B483-3AE10EDAF21D}
		{E053B918-50DA-49B3-A2F7-DFFF2D1D006D} = {130E31C5-12C1-9B59-0344-6B0501FCA984}
		{DDC2FC8E-3CB4-FABF-DBC9-050D9D5721E2} = {C0127DB6-3CA8-EE98-7726-A4993E48C5D4}
		{E3ED027E-CE2E-4EBE-9DAA-7F649709B10A} = {DDC2FC8E-3CB4-FABF-DBC9-050D9D5721E2}
		{30993AEE-98A1-529F-B564-95C3EB406259} = {0BAE62A9-2200-0262-2CB5-8EE825167370}
		{4C093125-9268-48C4-BB79-8E808D4F52D6} = {30993AEE-98A1-529F-B564-95C3EB406259}
		{3DF97506-AC79-4831-9CA1-C3201BB16D23} = {130E31C5-12C1-9B59-0344-6B0501FCA984}
		{99F68E23-FBBC-4A0D-9E43-6B3FBC119601} = {130E31C5-12C1-9B59-0344-6B0501FCA984}
		{72511627-85DD-4136-81BC-9BDBDF7AAA88} = {130E31C5-12C1-9B59-0344-6B0501FCA984}
		{6CA14E28-CAE9-49CB-87A0-CF50246F2772} = {130E31C5-12C1-9B59-0344-6B0501FCA984}
	EndGlobalSection
EndGlobal
